
Microsoft Visual Studio Solution File, Format Version 10.00
# Visual C# Express 2008
Project("{FAE04EC0-301F-11D3-BF4B-00C04F79EFBC}") = "ZunePadExample", "ZunePadExample.csproj", "{2208F035-8A0B-4DE9-87CD-EBB994A3B9CB}"
EndProject
Global
	GlobalSection(SolutionConfigurationPlatforms) = preSolution
		Debug|Zune = Debug|Zune
		Release|Zune = Release|Zune
	EndGlobalSection
	GlobalSection(ProjectConfigurationPlatforms) = postSolution
		{2208F035-8A0B-4DE9-87CD-EBB994A3B9CB}.Debug|Zune.ActiveCfg = Debug|Zune
		{2208F035-8A0B-4DE9-87CD-EBB994A3B9CB}.Debug|Zune.Build.0 = Debug|Zune
		{2208F035-8A0B-4DE9-87CD-EBB994A3B9CB}.Debug|Zune.Deploy.0 = Debug|Zune
		{2208F035-8A0B-4DE9-87CD-EBB994A3B9CB}.Release|Zune.ActiveCfg = Release|Zune
		{2208F035-8A0B-4DE9-87CD-EBB994A3B9CB}.Release|Zune.Build.0 = Release|Zune
		{2208F035-8A0B-4DE9-87CD-EBB994A3B9CB}.Release|Zune.Deploy.0 = Release|Zune
		{6671D78A-7E48-41D3-BAA9-55A66EE495CB}.Debug|Zune.ActiveCfg = Debug|Zune
		{6671D78A-7E48-41D3-BAA9-55A66EE495CB}.Release|Zune.ActiveCfg = Release|Zune
	EndGlobalSection
	GlobalSection(SolutionProperties) = preSolution
		HideSolutionNode = FALSE
	EndGlobalSection
EndGlobal
