
Microsoft Visual Studio Solution File, Format Version 10.00
# Visual C# Express 2008
Project("{FAE04EC0-301F-11D3-BF4B-00C04F79EFBC}") = "PulsatingSample", "PulsatingSample.csproj", "{79325DA8-425D-4AB9-9C76-BF77ABACA609}"
EndProject
Global
	GlobalSection(SolutionConfigurationPlatforms) = preSolution
		Debug|x86 = Debug|x86
		Release|x86 = Release|x86
	EndGlobalSection
	GlobalSection(ProjectConfigurationPlatforms) = postSolution
		{79325DA8-425D-4AB9-9C76-BF77ABACA609}.Debug|x86.ActiveCfg = Debug|x86
		{79325DA8-425D-4AB9-9C76-BF77ABACA609}.Debug|x86.Build.0 = Debug|x86
		{79325DA8-425D-4AB9-9C76-BF77ABACA609}.Release|x86.ActiveCfg = Release|x86
		{79325DA8-425D-4AB9-9C76-BF77ABACA609}.Release|x86.Build.0 = Release|x86
		{E58B5478-C6CD-4965-BE64-C3DDAB035CD9}.Debug|x86.ActiveCfg = Debug|x86
		{E58B5478-C6CD-4965-BE64-C3DDAB035CD9}.Release|x86.ActiveCfg = Release|x86
	EndGlobalSection
	GlobalSection(SolutionProperties) = preSolution
		HideSolutionNode = FALSE
	EndGlobalSection
EndGlobal
